
Microsoft Visual Studio Solution File, Format Version 12.00
# Visual Studio 14
VisualStudioVersion = 14.0.24720.0
MinimumVisualStudioVersion = 10.0.40219.1
Project("{FAE04EC0-301F-11D3-BF4B-00C04F79EFBC}") = "TImeTask", "TImeTask\TImeTask.csproj", "{44A3A904-06FB-40F9-8ADE-F4DA70C72C78}"
EndProject
Project("{FAE04EC0-301F-11D3-BF4B-00C04F79EFBC}") = "TimeTastService", "TimeTastService\TimeTastService.csproj", "{E7AB9112-8165-4ADC-B384-465EFF2E3C7C}"
EndProject
Global
	GlobalSection(SolutionConfigurationPlatforms) = preSolution
		Debug|Any CPU = Debug|Any CPU
		Debug|ARM = Debug|ARM
		Debug|x64 = Debug|x64
		Debug|x86 = Debug|x86
		Release|Any CPU = Release|Any CPU
		Release|ARM = Release|ARM
		Release|x64 = Release|x64
		Release|x86 = Release|x86
	EndGlobalSection
	GlobalSection(ProjectConfigurationPlatforms) = postSolution
		{44A3A904-06FB-40F9-8ADE-F4DA70C72C78}.Debug|Any CPU.ActiveCfg = Debug|x86
		{44A3A904-06FB-40F9-8ADE-F4DA70C72C78}.Debug|ARM.ActiveCfg = Debug|ARM
		{44A3A904-06FB-40F9-8ADE-F4DA70C72C78}.Debug|ARM.Build.0 = Debug|ARM
		{44A3A904-06FB-40F9-8ADE-F4DA70C72C78}.Debug|ARM.Deploy.0 = Debug|ARM
		{44A3A904-06FB-40F9-8ADE-F4DA70C72C78}.Debug|x64.ActiveCfg = Debug|x64
		{44A3A904-06FB-40F9-8ADE-F4DA70C72C78}.Debug|x64.Build.0 = Debug|x64
		{44A3A904-06FB-40F9-8ADE-F4DA70C72C78}.Debug|x64.Deploy.0 = Debug|x64
		{44A3A904-06FB-40F9-8ADE-F4DA70C72C78}.Debug|x86.ActiveCfg = Debug|x86
		{44A3A904-06FB-40F9-8ADE-F4DA70C72C78}.Debug|x86.Build.0 = Debug|x86
		{44A3A904-06FB-40F9-8ADE-F4DA70C72C78}.Debug|x86.Deploy.0 = Debug|x86
		{44A3A904-06FB-40F9-8ADE-F4DA70C72C78}.Release|Any CPU.ActiveCfg = Release|x86
		{44A3A904-06FB-40F9-8ADE-F4DA70C72C78}.Release|ARM.ActiveCfg = Release|ARM
		{44A3A904-06FB-40F9-8ADE-F4DA70C72C78}.Release|ARM.Build.0 = Release|ARM
		{44A3A904-06FB-40F9-8ADE-F4DA70C72C78}.Release|ARM.Deploy.0 = Release|ARM
		{44A3A904-06FB-40F9-8ADE-F4DA70C72C78}.Release|x64.ActiveCfg = Release|x64
		{44A3A904-06FB-40F9-8ADE-F4DA70C72C78}.Release|x64.Build.0 = Release|x64
		{44A3A904-06FB-40F9-8ADE-F4DA70C72C78}.Release|x64.Deploy.0 = Release|x64
		{44A3A904-06FB-40F9-8ADE-F4DA70C72C78}.Release|x86.ActiveCfg = Release|x86
		{44A3A904-06FB-40F9-8ADE-F4DA70C72C78}.Release|x86.Build.0 = Release|x86
		{44A3A904-06FB-40F9-8ADE-F4DA70C72C78}.Release|x86.Deploy.0 = Release|x86
		{E7AB9112-8165-4ADC-B384-465EFF2E3C7C}.Debug|Any CPU.ActiveCfg = Debug|Any CPU
		{E7AB9112-8165-4ADC-B384-465EFF2E3C7C}.Debug|Any CPU.Build.0 = Debug|Any CPU
		{E7AB9112-8165-4ADC-B384-465EFF2E3C7C}.Debug|ARM.ActiveCfg = Debug|Any CPU
		{E7AB9112-8165-4ADC-B384-465EFF2E3C7C}.Debug|ARM.Build.0 = Debug|Any CPU
		{E7AB9112-8165-4ADC-B384-465EFF2E3C7C}.Debug|x64.ActiveCfg = Debug|Any CPU
		{E7AB9112-8165-4ADC-B384-465EFF2E3C7C}.Debug|x64.Build.0 = Debug|Any CPU
		{E7AB9112-8165-4ADC-B384-465EFF2E3C7C}.Debug|x86.ActiveCfg = Debug|Any CPU
		{E7AB9112-8165-4ADC-B384-465EFF2E3C7C}.Debug|x86.Build.0 = Debug|Any CPU
		{E7AB9112-8165-4ADC-B384-465EFF2E3C7C}.Release|Any CPU.ActiveCfg = Release|Any CPU
		{E7AB9112-8165-4ADC-B384-465EFF2E3C7C}.Release|Any CPU.Build.0 = Release|Any CPU
		{E7AB9112-8165-4ADC-B384-465EFF2E3C7C}.Release|ARM.ActiveCfg = Release|Any CPU
		{E7AB9112-8165-4ADC-B384-465EFF2E3C7C}.Release|ARM.Build.0 = Release|Any CPU
		{E7AB9112-8165-4ADC-B384-465EFF2E3C7C}.Release|x64.ActiveCfg = Release|Any CPU
		{E7AB9112-8165-4ADC-B384-465EFF2E3C7C}.Release|x64.Build.0 = Release|Any CPU
		{E7AB9112-8165-4ADC-B384-465EFF2E3C7C}.Release|x86.ActiveCfg = Release|Any CPU
		{E7AB9112-8165-4ADC-B384-465EFF2E3C7C}.Release|x86.Build.0 = Release|Any CPU
	EndGlobalSection
	GlobalSection(SolutionProperties) = preSolution
		HideSolutionNode = FALSE
	EndGlobalSection
EndGlobal
